
Microsoft Visual Studio Solution File, Format Version 12.00
# Visual Studio Version 16
VisualStudioVersion = 16.0.29911.84
MinimumVisualStudioVersion = 10.0.40219.1
Project("{8BC9CEB8-8B4A-11D0-8D11-00A0C91BC942}") = "Hello", "Hello\Hello.vcxproj", "{A9ABB45F-B17D-4499-9076-CB93277B1012}"
EndProject
Project("{8BC9CEB8-8B4A-11D0-8D11-00A0C91BC942}") = "HelloCPP", "HelloCPP\HelloCPP.vcxproj", "{58E629E2-3491-4929-B5DE-2E9080D6C5F4}"
EndProject
Global
	GlobalSection(SolutionConfigurationPlatforms) = preSolution
		Debug|x64 = Debug|x64
		Debug|x86 = Debug|x86
		Release|x64 = Release|x64
		Release|x86 = Release|x86
	EndGlobalSection
	GlobalSection(ProjectConfigurationPlatforms) = postSolution
		{A9ABB45F-B17D-4499-9076-CB93277B1012}.Debug|x64.ActiveCfg = Debug|x64
		{A9ABB45F-B17D-4499-9076-CB93277B1012}.Debug|x64.Build.0 = Debug|x64
		{A9ABB45F-B17D-4499-9076-CB93277B1012}.Debug|x86.ActiveCfg = Debug|Win32
		{A9ABB45F-B17D-4499-9076-CB93277B1012}.Debug|x86.Build.0 = Debug|Win32
		{A9ABB45F-B17D-4499-9076-CB93277B1012}.Release|x64.ActiveCfg = Release|x64
		{A9ABB45F-B17D-4499-9076-CB93277B1012}.Release|x64.Build.0 = Release|x64
		{A9ABB45F-B17D-4499-9076-CB93277B1012}.Release|x86.ActiveCfg = Release|Win32
		{A9ABB45F-B17D-4499-9076-CB93277B1012}.Release|x86.Build.0 = Release|Win32
		{58E629E2-3491-4929-B5DE-2E9080D6C5F4}.Debug|x64.ActiveCfg = Debug|x64
		{58E629E2-3491-4929-B5DE-2E9080D6C5F4}.Debug|x64.Build.0 = Debug|x64
		{58E629E2-3491-4929-B5DE-2E9080D6C5F4}.Debug|x86.ActiveCfg = Debug|Win32
		{58E629E2-3491-4929-B5DE-2E9080D6C5F4}.Debug|x86.Build.0 = Debug|Win32
		{58E629E2-3491-4929-B5DE-2E9080D6C5F4}.Release|x64.ActiveCfg = Release|x64
		{58E629E2-3491-4929-B5DE-2E9080D6C5F4}.Release|x64.Build.0 = Release|x64
		{58E629E2-3491-4929-B5DE-2E9080D6C5F4}.Release|x86.ActiveCfg = Release|Win32
		{58E629E2-3491-4929-B5DE-2E9080D6C5F4}.Release|x86.Build.0 = Release|Win32
	EndGlobalSection
	GlobalSection(SolutionProperties) = preSolution
		HideSolutionNode = FALSE
	EndGlobalSection
	GlobalSection(ExtensibilityGlobals) = postSolution
		SolutionGuid = {29E3041F-2621-44E6-9963-5377463CA565}
	EndGlobalSection
EndGlobal
