
Microsoft Visual Studio Solution File, Format Version 12.00
# Visual Studio Version 16
VisualStudioVersion = 16.0.29911.84
MinimumVisualStudioVersion = 10.0.40219.1
Project("{8BC9CEB8-8B4A-11D0-8D11-00A0C91BC942}") = "Practice 2.22", "Practice 2.22\Practice 2.22.vcxproj", "{1E57418E-B014-4125-A648-FD004EA42C57}"
EndProject
Project("{8BC9CEB8-8B4A-11D0-8D11-00A0C91BC942}") = "Practice 2.23", "Practice 2.23\Practice 2.23.vcxproj", "{B739A56F-26BB-4E24-A283-191BF92C01CF}"
EndProject
Project("{8BC9CEB8-8B4A-11D0-8D11-00A0C91BC942}") = "Practice 2.24", "Practice 2.24\Practice 2.24.vcxproj", "{941AAE46-F496-42C3-A2A8-CFF96B55571D}"
EndProject
Project("{8BC9CEB8-8B4A-11D0-8D11-00A0C91BC942}") = "Swap Function", "Swap Function\Swap Function.vcxproj", "{A137A174-7FBA-462A-BDAC-23BC9925AAA4}"
EndProject
Project("{8BC9CEB8-8B4A-11D0-8D11-00A0C91BC942}") = "Array Factor", "Array Factor\Array Factor.vcxproj", "{1935F7EC-5B0B-47CD-9E21-7C3C3418868C}"
EndProject
Project("{8BC9CEB8-8B4A-11D0-8D11-00A0C91BC942}") = "Function Pointer", "Function Pointer\Function Pointer.vcxproj", "{DC2E713F-DBA5-4730-8C7C-CF41444EBB58}"
EndProject
Project("{8BC9CEB8-8B4A-11D0-8D11-00A0C91BC942}") = "Mile2KM", "Mile2KM\Mile2KM.vcxproj", "{ADF62E58-FAD6-479C-B568-1440A55F6B21}"
EndProject
Project("{8BC9CEB8-8B4A-11D0-8D11-00A0C91BC942}") = "Ref Var", "Ref Var\Ref Var.vcxproj", "{A05B1B2E-8444-4583-9CC4-01AA7A2D8E3B}"
EndProject
Project("{8BC9CEB8-8B4A-11D0-8D11-00A0C91BC942}") = "Ref Return", "Ref Return\Ref Return.vcxproj", "{CF4D46D4-3946-45C6-82E2-6444E12D440F}"
EndProject
Project("{8BC9CEB8-8B4A-11D0-8D11-00A0C91BC942}") = "2D Array DA", "2D Array DA\2D Array DA.vcxproj", "{C0E71D32-CF37-4FD3-B59A-0F7BC0C736D6}"
EndProject
Project("{8BC9CEB8-8B4A-11D0-8D11-00A0C91BC942}") = "Practice 6.4", "Practice 6.4\Practice 6.4.vcxproj", "{1F585303-A8CB-4663-BF11-2B80B8F74CD5}"
EndProject
Project("{8BC9CEB8-8B4A-11D0-8D11-00A0C91BC942}") = "Example 6.17", "Example 6.17\Example 6.17.vcxproj", "{BC8BBD8D-CA8C-4048-974F-4AD55A2D74BD}"
EndProject
Project("{8BC9CEB8-8B4A-11D0-8D11-00A0C91BC942}") = "Example 7.19", "Example 7.18\Example 7.18.vcxproj", "{3A5EBE2F-FFCE-48D0-AB0B-09CBA1445D4F}"
EndProject
Project("{8BC9CEB8-8B4A-11D0-8D11-00A0C91BC942}") = "Practice 7.4", "Practice 7.4\Practice 7.4.vcxproj", "{2E6DEB97-38E4-459B-8230-554E3973FBF4}"
EndProject
Project("{8BC9CEB8-8B4A-11D0-8D11-00A0C91BC942}") = "Practice 7.9", "Practice 7.9\Practice 7.9.vcxproj", "{C569DD96-09C7-4F74-938C-4BBAA5A2811C}"
EndProject
Project("{8BC9CEB8-8B4A-11D0-8D11-00A0C91BC942}") = "Practice 8.5", "Practice 8.5\Practice 8.5.vcxproj", "{3C7322AA-9B4B-44F3-BDBD-B49F876C00A9}"
EndProject
Global
	GlobalSection(SolutionConfigurationPlatforms) = preSolution
		Debug|x64 = Debug|x64
		Debug|x86 = Debug|x86
		Release|x64 = Release|x64
		Release|x86 = Release|x86
	EndGlobalSection
	GlobalSection(ProjectConfigurationPlatforms) = postSolution
		{1E57418E-B014-4125-A648-FD004EA42C57}.Debug|x64.ActiveCfg = Debug|x64
		{1E57418E-B014-4125-A648-FD004EA42C57}.Debug|x64.Build.0 = Debug|x64
		{1E57418E-B014-4125-A648-FD004EA42C57}.Debug|x86.ActiveCfg = Debug|Win32
		{1E57418E-B014-4125-A648-FD004EA42C57}.Debug|x86.Build.0 = Debug|Win32
		{1E57418E-B014-4125-A648-FD004EA42C57}.Release|x64.ActiveCfg = Release|x64
		{1E57418E-B014-4125-A648-FD004EA42C57}.Release|x64.Build.0 = Release|x64
		{1E57418E-B014-4125-A648-FD004EA42C57}.Release|x86.ActiveCfg = Release|Win32
		{1E57418E-B014-4125-A648-FD004EA42C57}.Release|x86.Build.0 = Release|Win32
		{B739A56F-26BB-4E24-A283-191BF92C01CF}.Debug|x64.ActiveCfg = Debug|x64
		{B739A56F-26BB-4E24-A283-191BF92C01CF}.Debug|x64.Build.0 = Debug|x64
		{B739A56F-26BB-4E24-A283-191BF92C01CF}.Debug|x86.ActiveCfg = Debug|Win32
		{B739A56F-26BB-4E24-A283-191BF92C01CF}.Debug|x86.Build.0 = Debug|Win32
		{B739A56F-26BB-4E24-A283-191BF92C01CF}.Release|x64.ActiveCfg = Release|x64
		{B739A56F-26BB-4E24-A283-191BF92C01CF}.Release|x64.Build.0 = Release|x64
		{B739A56F-26BB-4E24-A283-191BF92C01CF}.Release|x86.ActiveCfg = Release|Win32
		{B739A56F-26BB-4E24-A283-191BF92C01CF}.Release|x86.Build.0 = Release|Win32
		{941AAE46-F496-42C3-A2A8-CFF96B55571D}.Debug|x64.ActiveCfg = Debug|x64
		{941AAE46-F496-42C3-A2A8-CFF96B55571D}.Debug|x64.Build.0 = Debug|x64
		{941AAE46-F496-42C3-A2A8-CFF96B55571D}.Debug|x86.ActiveCfg = Debug|Win32
		{941AAE46-F496-42C3-A2A8-CFF96B55571D}.Debug|x86.Build.0 = Debug|Win32
		{941AAE46-F496-42C3-A2A8-CFF96B55571D}.Release|x64.ActiveCfg = Release|x64
		{941AAE46-F496-42C3-A2A8-CFF96B55571D}.Release|x64.Build.0 = Release|x64
		{941AAE46-F496-42C3-A2A8-CFF96B55571D}.Release|x86.ActiveCfg = Release|Win32
		{941AAE46-F496-42C3-A2A8-CFF96B55571D}.Release|x86.Build.0 = Release|Win32
		{A137A174-7FBA-462A-BDAC-23BC9925AAA4}.Debug|x64.ActiveCfg = Debug|x64
		{A137A174-7FBA-462A-BDAC-23BC9925AAA4}.Debug|x64.Build.0 = Debug|x64
		{A137A174-7FBA-462A-BDAC-23BC9925AAA4}.Debug|x86.ActiveCfg = Debug|Win32
		{A137A174-7FBA-462A-BDAC-23BC9925AAA4}.Debug|x86.Build.0 = Debug|Win32
		{A137A174-7FBA-462A-BDAC-23BC9925AAA4}.Release|x64.ActiveCfg = Release|x64
		{A137A174-7FBA-462A-BDAC-23BC9925AAA4}.Release|x64.Build.0 = Release|x64
		{A137A174-7FBA-462A-BDAC-23BC9925AAA4}.Release|x86.ActiveCfg = Release|Win32
		{A137A174-7FBA-462A-BDAC-23BC9925AAA4}.Release|x86.Build.0 = Release|Win32
		{1935F7EC-5B0B-47CD-9E21-7C3C3418868C}.Debug|x64.ActiveCfg = Debug|x64
		{1935F7EC-5B0B-47CD-9E21-7C3C3418868C}.Debug|x64.Build.0 = Debug|x64
		{1935F7EC-5B0B-47CD-9E21-7C3C3418868C}.Debug|x86.ActiveCfg = Debug|Win32
		{1935F7EC-5B0B-47CD-9E21-7C3C3418868C}.Debug|x86.Build.0 = Debug|Win32
		{1935F7EC-5B0B-47CD-9E21-7C3C3418868C}.Release|x64.ActiveCfg = Release|x64
		{1935F7EC-5B0B-47CD-9E21-7C3C3418868C}.Release|x64.Build.0 = Release|x64
		{1935F7EC-5B0B-47CD-9E21-7C3C3418868C}.Release|x86.ActiveCfg = Release|Win32
		{1935F7EC-5B0B-47CD-9E21-7C3C3418868C}.Release|x86.Build.0 = Release|Win32
		{DC2E713F-DBA5-4730-8C7C-CF41444EBB58}.Debug|x64.ActiveCfg = Debug|x64
		{DC2E713F-DBA5-4730-8C7C-CF41444EBB58}.Debug|x64.Build.0 = Debug|x64
		{DC2E713F-DBA5-4730-8C7C-CF41444EBB58}.Debug|x86.ActiveCfg = Debug|Win32
		{DC2E713F-DBA5-4730-8C7C-CF41444EBB58}.Debug|x86.Build.0 = Debug|Win32
		{DC2E713F-DBA5-4730-8C7C-CF41444EBB58}.Release|x64.ActiveCfg = Release|x64
		{DC2E713F-DBA5-4730-8C7C-CF41444EBB58}.Release|x64.Build.0 = Release|x64
		{DC2E713F-DBA5-4730-8C7C-CF41444EBB58}.Release|x86.ActiveCfg = Release|Win32
		{DC2E713F-DBA5-4730-8C7C-CF41444EBB58}.Release|x86.Build.0 = Release|Win32
		{ADF62E58-FAD6-479C-B568-1440A55F6B21}.Debug|x64.ActiveCfg = Debug|x64
		{ADF62E58-FAD6-479C-B568-1440A55F6B21}.Debug|x64.Build.0 = Debug|x64
		{ADF62E58-FAD6-479C-B568-1440A55F6B21}.Debug|x86.ActiveCfg = Debug|Win32
		{ADF62E58-FAD6-479C-B568-1440A55F6B21}.Debug|x86.Build.0 = Debug|Win32
		{ADF62E58-FAD6-479C-B568-1440A55F6B21}.Release|x64.ActiveCfg = Release|x64
		{ADF62E58-FAD6-479C-B568-1440A55F6B21}.Release|x64.Build.0 = Release|x64
		{ADF62E58-FAD6-479C-B568-1440A55F6B21}.Release|x86.ActiveCfg = Release|Win32
		{ADF62E58-FAD6-479C-B568-1440A55F6B21}.Release|x86.Build.0 = Release|Win32
		{A05B1B2E-8444-4583-9CC4-01AA7A2D8E3B}.Debug|x64.ActiveCfg = Debug|x64
		{A05B1B2E-8444-4583-9CC4-01AA7A2D8E3B}.Debug|x64.Build.0 = Debug|x64
		{A05B1B2E-8444-4583-9CC4-01AA7A2D8E3B}.Debug|x86.ActiveCfg = Debug|Win32
		{A05B1B2E-8444-4583-9CC4-01AA7A2D8E3B}.Debug|x86.Build.0 = Debug|Win32
		{A05B1B2E-8444-4583-9CC4-01AA7A2D8E3B}.Release|x64.ActiveCfg = Release|x64
		{A05B1B2E-8444-4583-9CC4-01AA7A2D8E3B}.Release|x64.Build.0 = Release|x64
		{A05B1B2E-8444-4583-9CC4-01AA7A2D8E3B}.Release|x86.ActiveCfg = Release|Win32
		{A05B1B2E-8444-4583-9CC4-01AA7A2D8E3B}.Release|x86.Build.0 = Release|Win32
		{CF4D46D4-3946-45C6-82E2-6444E12D440F}.Debug|x64.ActiveCfg = Debug|x64
		{CF4D46D4-3946-45C6-82E2-6444E12D440F}.Debug|x64.Build.0 = Debug|x64
		{CF4D46D4-3946-45C6-82E2-6444E12D440F}.Debug|x86.ActiveCfg = Debug|Win32
		{CF4D46D4-3946-45C6-82E2-6444E12D440F}.Debug|x86.Build.0 = Debug|Win32
		{CF4D46D4-3946-45C6-82E2-6444E12D440F}.Release|x64.ActiveCfg = Release|x64
		{CF4D46D4-3946-45C6-82E2-6444E12D440F}.Release|x64.Build.0 = Release|x64
		{CF4D46D4-3946-45C6-82E2-6444E12D440F}.Release|x86.ActiveCfg = Release|Win32
		{CF4D46D4-3946-45C6-82E2-6444E12D440F}.Release|x86.Build.0 = Release|Win32
		{C0E71D32-CF37-4FD3-B59A-0F7BC0C736D6}.Debug|x64.ActiveCfg = Debug|x64
		{C0E71D32-CF37-4FD3-B59A-0F7BC0C736D6}.Debug|x64.Build.0 = Debug|x64
		{C0E71D32-CF37-4FD3-B59A-0F7BC0C736D6}.Debug|x86.ActiveCfg = Debug|Win32
		{C0E71D32-CF37-4FD3-B59A-0F7BC0C736D6}.Debug|x86.Build.0 = Debug|Win32
		{C0E71D32-CF37-4FD3-B59A-0F7BC0C736D6}.Release|x64.ActiveCfg = Release|x64
		{C0E71D32-CF37-4FD3-B59A-0F7BC0C736D6}.Release|x64.Build.0 = Release|x64
		{C0E71D32-CF37-4FD3-B59A-0F7BC0C736D6}.Release|x86.ActiveCfg = Release|Win32
		{C0E71D32-CF37-4FD3-B59A-0F7BC0C736D6}.Release|x86.Build.0 = Release|Win32
		{1F585303-A8CB-4663-BF11-2B80B8F74CD5}.Debug|x64.ActiveCfg = Debug|x64
		{1F585303-A8CB-4663-BF11-2B80B8F74CD5}.Debug|x64.Build.0 = Debug|x64
		{1F585303-A8CB-4663-BF11-2B80B8F74CD5}.Debug|x86.ActiveCfg = Debug|Win32
		{1F585303-A8CB-4663-BF11-2B80B8F74CD5}.Debug|x86.Build.0 = Debug|Win32
		{1F585303-A8CB-4663-BF11-2B80B8F74CD5}.Release|x64.ActiveCfg = Release|x64
		{1F585303-A8CB-4663-BF11-2B80B8F74CD5}.Release|x64.Build.0 = Release|x64
		{1F585303-A8CB-4663-BF11-2B80B8F74CD5}.Release|x86.ActiveCfg = Release|Win32
		{1F585303-A8CB-4663-BF11-2B80B8F74CD5}.Release|x86.Build.0 = Release|Win32
		{BC8BBD8D-CA8C-4048-974F-4AD55A2D74BD}.Debug|x64.ActiveCfg = Debug|x64
		{BC8BBD8D-CA8C-4048-974F-4AD55A2D74BD}.Debug|x64.Build.0 = Debug|x64
		{BC8BBD8D-CA8C-4048-974F-4AD55A2D74BD}.Debug|x86.ActiveCfg = Debug|Win32
		{BC8BBD8D-CA8C-4048-974F-4AD55A2D74BD}.Debug|x86.Build.0 = Debug|Win32
		{BC8BBD8D-CA8C-4048-974F-4AD55A2D74BD}.Release|x64.ActiveCfg = Release|x64
		{BC8BBD8D-CA8C-4048-974F-4AD55A2D74BD}.Release|x64.Build.0 = Release|x64
		{BC8BBD8D-CA8C-4048-974F-4AD55A2D74BD}.Release|x86.ActiveCfg = Release|Win32
		{BC8BBD8D-CA8C-4048-974F-4AD55A2D74BD}.Release|x86.Build.0 = Release|Win32
		{3A5EBE2F-FFCE-48D0-AB0B-09CBA1445D4F}.Debug|x64.ActiveCfg = Debug|x64
		{3A5EBE2F-FFCE-48D0-AB0B-09CBA1445D4F}.Debug|x64.Build.0 = Debug|x64
		{3A5EBE2F-FFCE-48D0-AB0B-09CBA1445D4F}.Debug|x86.ActiveCfg = Debug|Win32
		{3A5EBE2F-FFCE-48D0-AB0B-09CBA1445D4F}.Debug|x86.Build.0 = Debug|Win32
		{3A5EBE2F-FFCE-48D0-AB0B-09CBA1445D4F}.Release|x64.ActiveCfg = Release|x64
		{3A5EBE2F-FFCE-48D0-AB0B-09CBA1445D4F}.Release|x64.Build.0 = Release|x64
		{3A5EBE2F-FFCE-48D0-AB0B-09CBA1445D4F}.Release|x86.ActiveCfg = Release|Win32
		{3A5EBE2F-FFCE-48D0-AB0B-09CBA1445D4F}.Release|x86.Build.0 = Release|Win32
		{2E6DEB97-38E4-459B-8230-554E3973FBF4}.Debug|x64.ActiveCfg = Debug|x64
		{2E6DEB97-38E4-459B-8230-554E3973FBF4}.Debug|x64.Build.0 = Debug|x64
		{2E6DEB97-38E4-459B-8230-554E3973FBF4}.Debug|x86.ActiveCfg = Debug|Win32
		{2E6DEB97-38E4-459B-8230-554E3973FBF4}.Debug|x86.Build.0 = Debug|Win32
		{2E6DEB97-38E4-459B-8230-554E3973FBF4}.Release|x64.ActiveCfg = Release|x64
		{2E6DEB97-38E4-459B-8230-554E3973FBF4}.Release|x64.Build.0 = Release|x64
		{2E6DEB97-38E4-459B-8230-554E3973FBF4}.Release|x86.ActiveCfg = Release|Win32
		{2E6DEB97-38E4-459B-8230-554E3973FBF4}.Release|x86.Build.0 = Release|Win32
		{C569DD96-09C7-4F74-938C-4BBAA5A2811C}.Debug|x64.ActiveCfg = Debug|x64
		{C569DD96-09C7-4F74-938C-4BBAA5A2811C}.Debug|x64.Build.0 = Debug|x64
		{C569DD96-09C7-4F74-938C-4BBAA5A2811C}.Debug|x86.ActiveCfg = Debug|Win32
		{C569DD96-09C7-4F74-938C-4BBAA5A2811C}.Debug|x86.Build.0 = Debug|Win32
		{C569DD96-09C7-4F74-938C-4BBAA5A2811C}.Release|x64.ActiveCfg = Release|x64
		{C569DD96-09C7-4F74-938C-4BBAA5A2811C}.Release|x64.Build.0 = Release|x64
		{C569DD96-09C7-4F74-938C-4BBAA5A2811C}.Release|x86.ActiveCfg = Release|Win32
		{C569DD96-09C7-4F74-938C-4BBAA5A2811C}.Release|x86.Build.0 = Release|Win32
		{3C7322AA-9B4B-44F3-BDBD-B49F876C00A9}.Debug|x64.ActiveCfg = Debug|x64
		{3C7322AA-9B4B-44F3-BDBD-B49F876C00A9}.Debug|x64.Build.0 = Debug|x64
		{3C7322AA-9B4B-44F3-BDBD-B49F876C00A9}.Debug|x86.ActiveCfg = Debug|Win32
		{3C7322AA-9B4B-44F3-BDBD-B49F876C00A9}.Debug|x86.Build.0 = Debug|Win32
		{3C7322AA-9B4B-44F3-BDBD-B49F876C00A9}.Release|x64.ActiveCfg = Release|x64
		{3C7322AA-9B4B-44F3-BDBD-B49F876C00A9}.Release|x64.Build.0 = Release|x64
		{3C7322AA-9B4B-44F3-BDBD-B49F876C00A9}.Release|x86.ActiveCfg = Release|Win32
		{3C7322AA-9B4B-44F3-BDBD-B49F876C00A9}.Release|x86.Build.0 = Release|Win32
	EndGlobalSection
	GlobalSection(SolutionProperties) = preSolution
		HideSolutionNode = FALSE
	EndGlobalSection
	GlobalSection(ExtensibilityGlobals) = postSolution
		SolutionGuid = {BEA34EDE-F0FB-4AFF-A2B6-A951EA83166B}
	EndGlobalSection
EndGlobal
